
Microsoft Visual Studio Solution File, Format Version 12.00
# Visual Studio 2012
Project("{8BC9CEB8-8B4A-11D0-8D11-00A0C91BC942}") = "FabFly", "FabFly\FabFly.vcxproj", "{23CE48D5-7575-4B21-AD67-C9F698C0EF4C}"
EndProject
Global
	GlobalSection(SolutionConfigurationPlatforms) = preSolution
		Debug|Win32 = Debug|Win32
		Release|Win32 = Release|Win32
	EndGlobalSection
	GlobalSection(ProjectConfigurationPlatforms) = postSolution
		{23CE48D5-7575-4B21-AD67-C9F698C0EF4C}.Debug|Win32.ActiveCfg = Debug|Win32
		{23CE48D5-7575-4B21-AD67-C9F698C0EF4C}.Debug|Win32.Build.0 = Debug|Win32
		{23CE48D5-7575-4B21-AD67-C9F698C0EF4C}.Release|Win32.ActiveCfg = Release|Win32
		{23CE48D5-7575-4B21-AD67-C9F698C0EF4C}.Release|Win32.Build.0 = Release|Win32
	EndGlobalSection
	GlobalSection(SolutionProperties) = preSolution
		HideSolutionNode = FALSE
	EndGlobalSection
EndGlobal
